
Microsoft Visual Studio Solution File, Format Version 12.00
# Visual Studio Version 17
VisualStudioVersion = 17.0.31903.59
MinimumVisualStudioVersion = 10.0.40219.1
Project("{FAE04EC0-301F-11D3-BF4B-00C04F79EFBC}") = "ProduceRecovery", "ProduceRecovery\ProduceRecovery.csproj", "{6FFBAA6E-17F5-495D-97DC-6F3F71FE33A1}"
EndProject
Project("{FAE04EC0-301F-11D3-BF4B-00C04F79EFBC}") = "Data", "Data\Data.csproj", "{78C9FFCB-E70E-4320-A1F9-7B2B5CF0A032}"
EndProject
Project("{2150E333-8FDC-42A3-9474-1A3956D46DE8}") = "Solution Items", "Solution Items", "{E26A4D5C-1935-4719-917F-A7B51C189FB6}"
	ProjectSection(SolutionItems) = preProject
		.editorconfig = .editorconfig
	EndProjectSection
EndProject
Global
	GlobalSection(SolutionConfigurationPlatforms) = preSolution
		Debug|Any CPU = Debug|Any CPU
		Release|Any CPU = Release|Any CPU
	EndGlobalSection
	GlobalSection(ProjectConfigurationPlatforms) = postSolution
		{6FFBAA6E-17F5-495D-97DC-6F3F71FE33A1}.Debug|Any CPU.ActiveCfg = Debug|Any CPU
		{6FFBAA6E-17F5-495D-97DC-6F3F71FE33A1}.Debug|Any CPU.Build.0 = Debug|Any CPU
		{6FFBAA6E-17F5-495D-97DC-6F3F71FE33A1}.Release|Any CPU.ActiveCfg = Release|Any CPU
		{6FFBAA6E-17F5-495D-97DC-6F3F71FE33A1}.Release|Any CPU.Build.0 = Release|Any CPU
		{78C9FFCB-E70E-4320-A1F9-7B2B5CF0A032}.Debug|Any CPU.ActiveCfg = Debug|Any CPU
		{78C9FFCB-E70E-4320-A1F9-7B2B5CF0A032}.Debug|Any CPU.Build.0 = Debug|Any CPU
		{78C9FFCB-E70E-4320-A1F9-7B2B5CF0A032}.Release|Any CPU.ActiveCfg = Release|Any CPU
		{78C9FFCB-E70E-4320-A1F9-7B2B5CF0A032}.Release|Any CPU.Build.0 = Release|Any CPU
	EndGlobalSection
	GlobalSection(SolutionProperties) = preSolution
		HideSolutionNode = FALSE
	EndGlobalSection
	GlobalSection(ExtensibilityGlobals) = postSolution
		SolutionGuid = {74F419EA-C979-404D-9F88-CF9DFB0E0FA8}
	EndGlobalSection
EndGlobal
